// !$*UTF8*$!
{
	archiveVersion = 1;
	classes = {
	};
	objectVersion = 50;
	objects = {

/* Begin PBXBuildFile section */
		384D63E423D5348E00814D90 /* Assets.xcassets in Resources */ = {isa = PBXBuildFile; fileRef = 384D63E323D5348E00814D90 /* Assets.xcassets */; };
		384D63E723D5348E00814D90 /* LaunchScreen.storyboard in Resources */ = {isa = PBXBuildFile; fileRef = 384D63E523D5348E00814D90 /* LaunchScreen.storyboard */; };
		384D641323D5381D00814D90 /* demo_main.c in Sources */ = {isa = PBXBuildFile; fileRef = 384D640E23D5381D00814D90 /* demo_main.c */; };
		384D641423D5381D00814D90 /* vg_common.inc in Sources */ = {isa = PBXBuildFile; fileRef = 384D640F23D5381D00814D90 /* vg_common.inc */; };
		384D641523D5381D00814D90 /* assets.c in Sources */ = {isa = PBXBuildFile; fileRef = 384D641023D5381D00814D90 /* assets.c */; };
		384D641623D5381D00814D90 /* assets.h in Sources */ = {isa = PBXBuildFile; fileRef = 384D641123D5381D00814D90 /* assets.h */; };
		384D641723D5381D00814D90 /* demo_ui_app.c in Sources */ = {isa = PBXBuildFile; fileRef = 384D641223D5381D00814D90 /* demo_ui_app.c */; };
		384D641D23D53A2200814D90 /* libawtk_ios.a in Frameworks */ = {isa = PBXBuildFile; fileRef = 384D640D23D5352B00814D90 /* libawtk_ios.a */; };
		384D641E23D53A2200814D90 /* libSDL2.a in Frameworks */ = {isa = PBXBuildFile; fileRef = 384D63FD23D5351500814D90 /* libSDL2.a */; };
		384D642D23D53ADB00814D90 /* CoreText.framework in Frameworks */ = {isa = PBXBuildFile; fileRef = 384D641F23D53ADA00814D90 /* CoreText.framework */; };
		384D642E23D53ADB00814D90 /* Metal.framework in Frameworks */ = {isa = PBXBuildFile; fileRef = 384D642023D53ADA00814D90 /* Metal.framework */; };
		384D642F23D53ADB00814D90 /* QuartzCore.framework in Frameworks */ = {isa = PBXBuildFile; fileRef = 384D642123D53ADA00814D90 /* QuartzCore.framework */; };
		384D643023D53ADB00814D90 /* UIKit.framework in Frameworks */ = {isa = PBXBuildFile; fileRef = 384D642223D53ADA00814D90 /* UIKit.framework */; };
		384D643123D53ADB00814D90 /* CoreMotion.framework in Frameworks */ = {isa = PBXBuildFile; fileRef = 384D642323D53ADA00814D90 /* CoreMotion.framework */; };
		384D643223D53ADB00814D90 /* AVKit.framework in Frameworks */ = {isa = PBXBuildFile; fileRef = 384D642423D53ADA00814D90 /* AVKit.framework */; };
		384D643323D53ADB00814D90 /* CoreGraphics.framework in Frameworks */ = {isa = PBXBuildFile; fileRef = 384D642523D53ADB00814D90 /* CoreGraphics.framework */; };
		384D643423D53ADB00814D90 /* AudioToolbox.framework in Frameworks */ = {isa = PBXBuildFile; fileRef = 384D642623D53ADB00814D90 /* AudioToolbox.framework */; };
		384D643523D53ADB00814D90 /* CoreFoundation.framework in Frameworks */ = {isa = PBXBuildFile; fileRef = 384D642723D53ADB00814D90 /* CoreFoundation.framework */; };
		384D643623D53ADB00814D90 /* CoreVideo.framework in Frameworks */ = {isa = PBXBuildFile; fileRef = 384D642823D53ADB00814D90 /* CoreVideo.framework */; };
		384D643723D53ADB00814D90 /* MediaPlayer.framework in Frameworks */ = {isa = PBXBuildFile; fileRef = 384D642923D53ADB00814D90 /* MediaPlayer.framework */; };
		384D643823D53ADB00814D90 /* GameKit.framework in Frameworks */ = {isa = PBXBuildFile; fileRef = 384D642A23D53ADB00814D90 /* GameKit.framework */; };
		384D643923D53ADB00814D90 /* OpenGLES.framework in Frameworks */ = {isa = PBXBuildFile; fileRef = 384D642B23D53ADB00814D90 /* OpenGLES.framework */; };
		384D643A23D53ADB00814D90 /* AVFoundation.framework in Frameworks */ = {isa = PBXBuildFile; fileRef = 384D642C23D53ADB00814D90 /* AVFoundation.framework */; };
		384D644723D53B8900814D90 /* assets in Resources */ = {isa = PBXBuildFile; fileRef = 384D643E23D53B8800814D90 /* assets */; };
/* End PBXBuildFile section */

/* Begin PBXContainerItemProxy section */
		384D63FC23D5351500814D90 /* PBXContainerItemProxy */ = {
			isa = PBXContainerItemProxy;
			containerPortal = 384D63F023D5351400814D90 /* SDL.xcodeproj */;
			proxyType = 2;
			remoteGlobalIDString = FD6526630DE8FCCB002AD96B;
			remoteInfo = "libSDL-iOS";
		};
		384D63FE23D5351500814D90 /* PBXContainerItemProxy */ = {
			isa = PBXContainerItemProxy;
			containerPortal = 384D63F023D5351400814D90 /* SDL.xcodeproj */;
			proxyType = 2;
			remoteGlobalIDString = 52ED1E5C222889500061FCE0;
			remoteInfo = "libSDL-iOS-dylib";
		};
		384D640023D5351500814D90 /* PBXContainerItemProxy */ = {
			isa = PBXContainerItemProxy;
			containerPortal = 384D63F023D5351400814D90 /* SDL.xcodeproj */;
			proxyType = 2;
			remoteGlobalIDString = FAB598141BB5C1B100BE72C5;
			remoteInfo = "libSDL-tvOS";
		};
		384D640223D5351500814D90 /* PBXContainerItemProxy */ = {
			isa = PBXContainerItemProxy;
			containerPortal = 384D63F023D5351400814D90 /* SDL.xcodeproj */;
			proxyType = 2;
			remoteGlobalIDString = F3E3C7572241389A007D243C;
			remoteInfo = "libSDL-tvOS-dylib";
		};
		384D640423D5351500814D90 /* PBXContainerItemProxy */ = {
			isa = PBXContainerItemProxy;
			containerPortal = 384D63F023D5351400814D90 /* SDL.xcodeproj */;
			proxyType = 2;
			remoteGlobalIDString = F3E3C65222406928007D243C;
			remoteInfo = "libSDLmain-iOS";
		};
		384D640623D5351500814D90 /* PBXContainerItemProxy */ = {
			isa = PBXContainerItemProxy;
			containerPortal = 384D63F023D5351400814D90 /* SDL.xcodeproj */;
			proxyType = 2;
			remoteGlobalIDString = F3E3C75F224138AE007D243C;
			remoteInfo = "libSDLmain-tvOS";
		};
		384D640C23D5352B00814D90 /* PBXContainerItemProxy */ = {
			isa = PBXContainerItemProxy;
			containerPortal = 384D640823D5352A00814D90 /* awtk_ios.xcodeproj */;
			proxyType = 2;
			remoteGlobalIDString = 384D5D8123D529DC00814D90;
			remoteInfo = awtk_ios;
		};
		384D641823D53A0000814D90 /* PBXContainerItemProxy */ = {
			isa = PBXContainerItemProxy;
			containerPortal = 384D640823D5352A00814D90 /* awtk_ios.xcodeproj */;
			proxyType = 1;
			remoteGlobalIDString = 384D5D8023D529DC00814D90;
			remoteInfo = awtk_ios;
		};
		384D641A23D53A0000814D90 /* PBXContainerItemProxy */ = {
			isa = PBXContainerItemProxy;
			containerPortal = 384D63F023D5351400814D90 /* SDL.xcodeproj */;
			proxyType = 1;
			remoteGlobalIDString = FD6526620DE8FCCB002AD96B;
			remoteInfo = "libSDL-iOS";
		};
/* End PBXContainerItemProxy section */

/* Begin PBXFileReference section */
		384D63D723D5348C00814D90 /* demoui.app */ = {isa = PBXFileReference; explicitFileType = wrapper.application; includeInIndex = 0; path = demoui.app; sourceTree = BUILT_PRODUCTS_DIR; };
		384D63E323D5348E00814D90 /* Assets.xcassets */ = {isa = PBXFileReference; lastKnownFileType = folder.assetcatalog; path = Assets.xcassets; sourceTree = "<group>"; };
		384D63E623D5348E00814D90 /* Base */ = {isa = PBXFileReference; lastKnownFileType = file.storyboard; name = Base; path = Base.lproj/LaunchScreen.storyboard; sourceTree = "<group>"; };
		384D63E823D5348E00814D90 /* Info.plist */ = {isa = PBXFileReference; lastKnownFileType = text.plist.xml; path = Info.plist; sourceTree = "<group>"; };
		384D63F023D5351400814D90 /* SDL.xcodeproj */ = {isa = PBXFileReference; lastKnownFileType = "wrapper.pb-project"; name = SDL.xcodeproj; path = "../../SDL2-2.0.10/Xcode-iOS/SDL/SDL.xcodeproj"; sourceTree = "<group>"; };
		384D640823D5352A00814D90 /* awtk_ios.xcodeproj */ = {isa = PBXFileReference; lastKnownFileType = "wrapper.pb-project"; name = awtk_ios.xcodeproj; path = ../awtk_ios/awtk_ios.xcodeproj; sourceTree = "<group>"; };
		384D640E23D5381D00814D90 /* demo_main.c */ = {isa = PBXFileReference; lastKnownFileType = sourcecode.c.c; path = demo_main.c; sourceTree = "<group>"; };
		384D640F23D5381D00814D90 /* vg_common.inc */ = {isa = PBXFileReference; lastKnownFileType = sourcecode.pascal; path = vg_common.inc; sourceTree = "<group>"; };
		384D641023D5381D00814D90 /* assets.c */ = {isa = PBXFileReference; lastKnownFileType = sourcecode.c.c; path = assets.c; sourceTree = "<group>"; };
		384D641123D5381D00814D90 /* assets.h */ = {isa = PBXFileReference; lastKnownFileType = sourcecode.c.h; path = assets.h; sourceTree = "<group>"; };
		384D641223D5381D00814D90 /* demo_ui_app.c */ = {isa = PBXFileReference; lastKnownFileType = sourcecode.c.c; path = demo_ui_app.c; sourceTree = "<group>"; };
		384D641F23D53ADA00814D90 /* CoreText.framework */ = {isa = PBXFileReference; lastKnownFileType = wrapper.framework; name = CoreText.framework; path = System/Library/Frameworks/CoreText.framework; sourceTree = SDKROOT; };
		384D642023D53ADA00814D90 /* Metal.framework */ = {isa = PBXFileReference; lastKnownFileType = wrapper.framework; name = Metal.framework; path = System/Library/Frameworks/Metal.framework; sourceTree = SDKROOT; };
		384D642123D53ADA00814D90 /* QuartzCore.framework */ = {isa = PBXFileReference; lastKnownFileType = wrapper.framework; name = QuartzCore.framework; path = System/Library/Frameworks/QuartzCore.framework; sourceTree = SDKROOT; };
		384D642223D53ADA00814D90 /* UIKit.framework */ = {isa = PBXFileReference; lastKnownFileType = wrapper.framework; name = UIKit.framework; path = System/Library/Frameworks/UIKit.framework; sourceTree = SDKROOT; };
		384D642323D53ADA00814D90 /* CoreMotion.framework */ = {isa = PBXFileReference; lastKnownFileType = wrapper.framework; name = CoreMotion.framework; path = System/Library/Frameworks/CoreMotion.framework; sourceTree = SDKROOT; };
		384D642423D53ADA00814D90 /* AVKit.framework */ = {isa = PBXFileReference; lastKnownFileType = wrapper.framework; name = AVKit.framework; path = System/Library/Frameworks/AVKit.framework; sourceTree = SDKROOT; };
		384D642523D53ADB00814D90 /* CoreGraphics.framework */ = {isa = PBXFileReference; lastKnownFileType = wrapper.framework; name = CoreGraphics.framework; path = System/Library/Frameworks/CoreGraphics.framework; sourceTree = SDKROOT; };
		384D642623D53ADB00814D90 /* AudioToolbox.framework */ = {isa = PBXFileReference; lastKnownFileType = wrapper.framework; name = AudioToolbox.framework; path = System/Library/Frameworks/AudioToolbox.framework; sourceTree = SDKROOT; };
		384D642723D53ADB00814D90 /* CoreFoundation.framework */ = {isa = PBXFileReference; lastKnownFileType = wrapper.framework; name = CoreFoundation.framework; path = System/Library/Frameworks/CoreFoundation.framework; sourceTree = SDKROOT; };
		384D642823D53ADB00814D90 /* CoreVideo.framework */ = {isa = PBXFileReference; lastKnownFileType = wrapper.framework; name = CoreVideo.framework; path = System/Library/Frameworks/CoreVideo.framework; sourceTree = SDKROOT; };
		384D642923D53ADB00814D90 /* MediaPlayer.framework */ = {isa = PBXFileReference; lastKnownFileType = wrapper.framework; name = MediaPlayer.framework; path = System/Library/Frameworks/MediaPlayer.framework; sourceTree = SDKROOT; };
		384D642A23D53ADB00814D90 /* GameKit.framework */ = {isa = PBXFileReference; lastKnownFileType = wrapper.framework; name = GameKit.framework; path = System/Library/Frameworks/GameKit.framework; sourceTree = SDKROOT; };
		384D642B23D53ADB00814D90 /* OpenGLES.framework */ = {isa = PBXFileReference; lastKnownFileType = wrapper.framework; name = OpenGLES.framework; path = System/Library/Frameworks/OpenGLES.framework; sourceTree = SDKROOT; };
		384D642C23D53ADB00814D90 /* AVFoundation.framework */ = {isa = PBXFileReference; lastKnownFileType = wrapper.framework; name = AVFoundation.framework; path = System/Library/Frameworks/AVFoundation.framework; sourceTree = SDKROOT; };
		384D643E23D53B8800814D90 /* assets */ = {isa = PBXFileReference; lastKnownFileType = folder; path = assets; sourceTree = "<group>"; };
/* End PBXFileReference section */

/* Begin PBXFrameworksBuildPhase section */
		384D63D423D5348C00814D90 /* Frameworks */ = {
			isa = PBXFrameworksBuildPhase;
			buildActionMask = 2147483647;
			files = (
				384D642D23D53ADB00814D90 /* CoreText.framework in Frameworks */,
				384D642E23D53ADB00814D90 /* Metal.framework in Frameworks */,
				384D642F23D53ADB00814D90 /* QuartzCore.framework in Frameworks */,
				384D643023D53ADB00814D90 /* UIKit.framework in Frameworks */,
				384D643123D53ADB00814D90 /* CoreMotion.framework in Frameworks */,
				384D643223D53ADB00814D90 /* AVKit.framework in Frameworks */,
				384D643323D53ADB00814D90 /* CoreGraphics.framework in Frameworks */,
				384D643423D53ADB00814D90 /* AudioToolbox.framework in Frameworks */,
				384D643523D53ADB00814D90 /* CoreFoundation.framework in Frameworks */,
				384D643623D53ADB00814D90 /* CoreVideo.framework in Frameworks */,
				384D643723D53ADB00814D90 /* MediaPlayer.framework in Frameworks */,
				384D643823D53ADB00814D90 /* GameKit.framework in Frameworks */,
				384D643923D53ADB00814D90 /* OpenGLES.framework in Frameworks */,
				384D643A23D53ADB00814D90 /* AVFoundation.framework in Frameworks */,
				384D641D23D53A2200814D90 /* libawtk_ios.a in Frameworks */,
				384D641E23D53A2200814D90 /* libSDL2.a in Frameworks */,
			);
			runOnlyForDeploymentPostprocessing = 0;
		};
/* End PBXFrameworksBuildPhase section */

/* Begin PBXGroup section */
		384D63CE23D5348C00814D90 = {
			isa = PBXGroup;
			children = (
				384D643E23D53B8800814D90 /* assets */,
				384D641023D5381D00814D90 /* assets.c */,
				384D641123D5381D00814D90 /* assets.h */,
				384D640E23D5381D00814D90 /* demo_main.c */,
				384D641223D5381D00814D90 /* demo_ui_app.c */,
				384D640F23D5381D00814D90 /* vg_common.inc */,
				384D640823D5352A00814D90 /* awtk_ios.xcodeproj */,
				384D63F023D5351400814D90 /* SDL.xcodeproj */,
				384D63D923D5348C00814D90 /* demoui */,
				384D63D823D5348C00814D90 /* Products */,
				384D641C23D53A2200814D90 /* Frameworks */,
			);
			sourceTree = "<group>";
		};
		384D63D823D5348C00814D90 /* Products */ = {
			isa = PBXGroup;
			children = (
				384D63D723D5348C00814D90 /* demoui.app */,
			);
			name = Products;
			sourceTree = "<group>";
		};
		384D63D923D5348C00814D90 /* demoui */ = {
			isa = PBXGroup;
			children = (
				384D63E323D5348E00814D90 /* Assets.xcassets */,
				384D63E523D5348E00814D90 /* LaunchScreen.storyboard */,
				384D63E823D5348E00814D90 /* Info.plist */,
			);
			path = demoui;
			sourceTree = "<group>";
		};
		384D63F123D5351400814D90 /* Products */ = {
			isa = PBXGroup;
			children = (
				384D63FD23D5351500814D90 /* libSDL2.a */,
				384D63FF23D5351500814D90 /* libSDL2.dylib */,
				384D640123D5351500814D90 /* libSDL2.a */,
				384D640323D5351500814D90 /* libSDL2.dylib */,
				384D640523D5351500814D90 /* libSDLmain.a */,
				384D640723D5351500814D90 /* libSDLmain.a */,
			);
			name = Products;
			sourceTree = "<group>";
		};
		384D640923D5352A00814D90 /* Products */ = {
			isa = PBXGroup;
			children = (
				384D640D23D5352B00814D90 /* libawtk_ios.a */,
			);
			name = Products;
			sourceTree = "<group>";
		};
		384D641C23D53A2200814D90 /* Frameworks */ = {
			isa = PBXGroup;
			children = (
				384D642623D53ADB00814D90 /* AudioToolbox.framework */,
				384D642C23D53ADB00814D90 /* AVFoundation.framework */,
				384D642423D53ADA00814D90 /* AVKit.framework */,
				384D642723D53ADB00814D90 /* CoreFoundation.framework */,
				384D642523D53ADB00814D90 /* CoreGraphics.framework */,
				384D642323D53ADA00814D90 /* CoreMotion.framework */,
				384D641F23D53ADA00814D90 /* CoreText.framework */,
				384D642823D53ADB00814D90 /* CoreVideo.framework */,
				384D642A23D53ADB00814D90 /* GameKit.framework */,
				384D642923D53ADB00814D90 /* MediaPlayer.framework */,
				384D642023D53ADA00814D90 /* Metal.framework */,
				384D642B23D53ADB00814D90 /* OpenGLES.framework */,
				384D642123D53ADA00814D90 /* QuartzCore.framework */,
				384D642223D53ADA00814D90 /* UIKit.framework */,
			);
			name = Frameworks;
			sourceTree = "<group>";
		};
/* End PBXGroup section */

/* Begin PBXNativeTarget section */
		384D63D623D5348C00814D90 /* demoui */ = {
			isa = PBXNativeTarget;
			buildConfigurationList = 384D63ED23D5348E00814D90 /* Build configuration list for PBXNativeTarget "demoui" */;
			buildPhases = (
				384D63D323D5348C00814D90 /* Sources */,
				384D63D423D5348C00814D90 /* Frameworks */,
				384D63D523D5348C00814D90 /* Resources */,
			);
			buildRules = (
			);
			dependencies = (
				384D641923D53A0000814D90 /* PBXTargetDependency */,
				384D641B23D53A0000814D90 /* PBXTargetDependency */,
			);
			name = demoui;
			productName = demoui;
			productReference = 384D63D723D5348C00814D90 /* demoui.app */;
			productType = "com.apple.product-type.application";
		};
/* End PBXNativeTarget section */

/* Begin PBXProject section */
		384D63CF23D5348C00814D90 /* Project object */ = {
			isa = PBXProject;
			attributes = {
				LastUpgradeCheck = 1030;
				ORGANIZATIONNAME = awtk;
				TargetAttributes = {
					384D63D623D5348C00814D90 = {
						CreatedOnToolsVersion = 10.3;
					};
				};
			};
			buildConfigurationList = 384D63D223D5348C00814D90 /* Build configuration list for PBXProject "demoui" */;
			compatibilityVersion = "Xcode 9.3";
			developmentRegion = en;
			hasScannedForEncodings = 0;
			knownRegions = (
				en,
				Base,
			);
			mainGroup = 384D63CE23D5348C00814D90;
			productRefGroup = 384D63D823D5348C00814D90 /* Products */;
			projectDirPath = "";
			projectReferences = (
				{
					ProductGroup = 384D640923D5352A00814D90 /* Products */;
					ProjectRef = 384D640823D5352A00814D90 /* awtk_ios.xcodeproj */;
				},
				{
					ProductGroup = 384D63F123D5351400814D90 /* Products */;
					ProjectRef = 384D63F023D5351400814D90 /* SDL.xcodeproj */;
				},
			);
			projectRoot = "";
			targets = (
				384D63D623D5348C00814D90 /* demoui */,
			);
		};
/* End PBXProject section */

/* Begin PBXReferenceProxy section */
		384D63FD23D5351500814D90 /* libSDL2.a */ = {
			isa = PBXReferenceProxy;
			fileType = archive.ar;
			path = libSDL2.a;
			remoteRef = 384D63FC23D5351500814D90 /* PBXContainerItemProxy */;
			sourceTree = BUILT_PRODUCTS_DIR;
		};
		384D63FF23D5351500814D90 /* libSDL2.dylib */ = {
			isa = PBXReferenceProxy;
			fileType = archive.ar;
			path = libSDL2.dylib;
			remoteRef = 384D63FE23D5351500814D90 /* PBXContainerItemProxy */;
			sourceTree = BUILT_PRODUCTS_DIR;
		};
		384D640123D5351500814D90 /* libSDL2.a */ = {
			isa = PBXReferenceProxy;
			fileType = archive.ar;
			path = libSDL2.a;
			remoteRef = 384D640023D5351500814D90 /* PBXContainerItemProxy */;
			sourceTree = BUILT_PRODUCTS_DIR;
		};
		384D640323D5351500814D90 /* libSDL2.dylib */ = {
			isa = PBXReferenceProxy;
			fileType = archive.ar;
			path = libSDL2.dylib;
			remoteRef = 384D640223D5351500814D90 /* PBXContainerItemProxy */;
			sourceTree = BUILT_PRODUCTS_DIR;
		};
		384D640523D5351500814D90 /* libSDLmain.a */ = {
			isa = PBXReferenceProxy;
			fileType = archive.ar;
			path = libSDLmain.a;
			remoteRef = 384D640423D5351500814D90 /* PBXContainerItemProxy */;
			sourceTree = BUILT_PRODUCTS_DIR;
		};
		384D640723D5351500814D90 /* libSDLmain.a */ = {
			isa = PBXReferenceProxy;
			fileType = archive.ar;
			path = libSDLmain.a;
			remoteRef = 384D640623D5351500814D90 /* PBXContainerItemProxy */;
			sourceTree = BUILT_PRODUCTS_DIR;
		};
		384D640D23D5352B00814D90 /* libawtk_ios.a */ = {
			isa = PBXReferenceProxy;
			fileType = archive.ar;
			path = libawtk_ios.a;
			remoteRef = 384D640C23D5352B00814D90 /* PBXContainerItemProxy */;
			sourceTree = BUILT_PRODUCTS_DIR;
		};
/* End PBXReferenceProxy section */

/* Begin PBXResourcesBuildPhase section */
		384D63D523D5348C00814D90 /* Resources */ = {
			isa = PBXResourcesBuildPhase;
			buildActionMask = 2147483647;
			files = (
				384D644723D53B8900814D90 /* assets in Resources */,
				384D63E723D5348E00814D90 /* LaunchScreen.storyboard in Resources */,
				384D63E423D5348E00814D90 /* Assets.xcassets in Resources */,
			);
			runOnlyForDeploymentPostprocessing = 0;
		};
/* End PBXResourcesBuildPhase section */

/* Begin PBXSourcesBuildPhase section */
		384D63D323D5348C00814D90 /* Sources */ = {
			isa = PBXSourcesBuildPhase;
			buildActionMask = 2147483647;
			files = (
				384D641323D5381D00814D90 /* demo_main.c in Sources */,
				384D641423D5381D00814D90 /* vg_common.inc in Sources */,
				384D641523D5381D00814D90 /* assets.c in Sources */,
				384D641623D5381D00814D90 /* assets.h in Sources */,
				384D641723D5381D00814D90 /* demo_ui_app.c in Sources */,
			);
			runOnlyForDeploymentPostprocessing = 0;
		};
/* End PBXSourcesBuildPhase section */

/* Begin PBXTargetDependency section */
		384D641923D53A0000814D90 /* PBXTargetDependency */ = {
			isa = PBXTargetDependency;
			name = awtk_ios;
			targetProxy = 384D641823D53A0000814D90 /* PBXContainerItemProxy */;
		};
		384D641B23D53A0000814D90 /* PBXTargetDependency */ = {
			isa = PBXTargetDependency;
			name = "libSDL-iOS";
			targetProxy = 384D641A23D53A0000814D90 /* PBXContainerItemProxy */;
		};
/* End PBXTargetDependency section */

/* Begin PBXVariantGroup section */
		384D63E523D5348E00814D90 /* LaunchScreen.storyboard */ = {
			isa = PBXVariantGroup;
			children = (
				384D63E623D5348E00814D90 /* Base */,
			);
			name = LaunchScreen.storyboard;
			sourceTree = "<group>";
		};
/* End PBXVariantGroup section */

/* Begin XCBuildConfiguration section */
		384D63EB23D5348E00814D90 /* Debug */ = {
			isa = XCBuildConfiguration;
			buildSettings = {
				ALWAYS_SEARCH_USER_PATHS = NO;
				CLANG_ANALYZER_NONNULL = YES;
				CLANG_ANALYZER_NUMBER_OBJECT_CONVERSION = YES_AGGRESSIVE;
				CLANG_CXX_LANGUAGE_STANDARD = "gnu++14";
				CLANG_CXX_LIBRARY = "libc++";
				CLANG_ENABLE_MODULES = YES;
				CLANG_ENABLE_OBJC_ARC = YES;
				CLANG_ENABLE_OBJC_WEAK = YES;
				CLANG_WARN_BLOCK_CAPTURE_AUTORELEASING = YES;
				CLANG_WARN_BOOL_CONVERSION = YES;
				CLANG_WARN_COMMA = YES;
				CLANG_WARN_CONSTANT_CONVERSION = YES;
				CLANG_WARN_DEPRECATED_OBJC_IMPLEMENTATIONS = YES;
				CLANG_WARN_DIRECT_OBJC_ISA_USAGE = YES_ERROR;
				CLANG_WARN_DOCUMENTATION_COMMENTS = YES;
				CLANG_WARN_EMPTY_BODY = YES;
				CLANG_WARN_ENUM_CONVERSION = YES;
				CLANG_WARN_INFINITE_RECURSION = YES;
				CLANG_WARN_INT_CONVERSION = YES;
				CLANG_WARN_NON_LITERAL_NULL_CONVERSION = YES;
				CLANG_WARN_OBJC_IMPLICIT_RETAIN_SELF = YES;
				CLANG_WARN_OBJC_LITERAL_CONVERSION = YES;
				CLANG_WARN_OBJC_ROOT_CLASS = YES_ERROR;
				CLANG_WARN_RANGE_LOOP_ANALYSIS = YES;
				CLANG_WARN_STRICT_PROTOTYPES = YES;
				CLANG_WARN_SUSPICIOUS_MOVE = YES;
				CLANG_WARN_UNGUARDED_AVAILABILITY = YES_AGGRESSIVE;
				CLANG_WARN_UNREACHABLE_CODE = YES;
				CLANG_WARN__DUPLICATE_METHOD_MATCH = YES;
				CODE_SIGN_IDENTITY = "iPhone Developer";
				COPY_PHASE_STRIP = NO;
				DEBUG_INFORMATION_FORMAT = dwarf;
				ENABLE_STRICT_OBJC_MSGSEND = YES;
				ENABLE_TESTABILITY = YES;
				GCC_C_LANGUAGE_STANDARD = gnu11;
				GCC_DYNAMIC_NO_PIC = NO;
				GCC_NO_COMMON_BLOCKS = YES;
				GCC_OPTIMIZATION_LEVEL = 0;
				GCC_PREPROCESSOR_DEFINITIONS = "HAS_AWTK_CONFIG=1";
				GCC_WARN_64_TO_32_BIT_CONVERSION = YES;
				GCC_WARN_ABOUT_RETURN_TYPE = YES_ERROR;
				GCC_WARN_UNDECLARED_SELECTOR = YES;
				GCC_WARN_UNINITIALIZED_AUTOS = YES_AGGRESSIVE;
				GCC_WARN_UNUSED_FUNCTION = YES;
				GCC_WARN_UNUSED_VARIABLE = YES;
				HEADER_SEARCH_PATHS = (
					"../awtk_ios/**",
					"../../SDL2-2.0.10/include",
				);
				IPHONEOS_DEPLOYMENT_TARGET = 12.4;
				MTL_ENABLE_DEBUG_INFO = INCLUDE_SOURCE;
				MTL_FAST_MATH = YES;
				ONLY_ACTIVE_ARCH = YES;
				SDKROOT = iphoneos;
			};
			name = Debug;
		};
		384D63EC23D5348E00814D90 /* Release */ = {
			isa = XCBuildConfiguration;
			buildSettings = {
				ALWAYS_SEARCH_USER_PATHS = NO;
				CLANG_ANALYZER_NONNULL = YES;
				CLANG_ANALYZER_NUMBER_OBJECT_CONVERSION = YES_AGGRESSIVE;
				CLANG_CXX_LANGUAGE_STANDARD = "gnu++14";
				CLANG_CXX_LIBRARY = "libc++";
				CLANG_ENABLE_MODULES = YES;
				CLANG_ENABLE_OBJC_ARC = YES;
				CLANG_ENABLE_OBJC_WEAK = YES;
				CLANG_WARN_BLOCK_CAPTURE_AUTORELEASING = YES;
				CLANG_WARN_BOOL_CONVERSION = YES;
				CLANG_WARN_COMMA = YES;
				CLANG_WARN_CONSTANT_CONVERSION = YES;
				CLANG_WARN_DEPRECATED_OBJC_IMPLEMENTATIONS = YES;
				CLANG_WARN_DIRECT_OBJC_ISA_USAGE = YES_ERROR;
				CLANG_WARN_DOCUMENTATION_COMMENTS = YES;
				CLANG_WARN_EMPTY_BODY = YES;
				CLANG_WARN_ENUM_CONVERSION = YES;
				CLANG_WARN_INFINITE_RECURSION = YES;
				CLANG_WARN_INT_CONVERSION = YES;
				CLANG_WARN_NON_LITERAL_NULL_CONVERSION = YES;
				CLANG_WARN_OBJC_IMPLICIT_RETAIN_SELF = YES;
				CLANG_WARN_OBJC_LITERAL_CONVERSION = YES;
				CLANG_WARN_OBJC_ROOT_CLASS = YES_ERROR;
				CLANG_WARN_RANGE_LOOP_ANALYSIS = YES;
				CLANG_WARN_STRICT_PROTOTYPES = YES;
				CLANG_WARN_SUSPICIOUS_MOVE = YES;
				CLANG_WARN_UNGUARDED_AVAILABILITY = YES_AGGRESSIVE;
				CLANG_WARN_UNREACHABLE_CODE = YES;
				CLANG_WARN__DUPLICATE_METHOD_MATCH = YES;
				CODE_SIGN_IDENTITY = "iPhone Developer";
				COPY_PHASE_STRIP = NO;
				DEBUG_INFORMATION_FORMAT = "dwarf-with-dsym";
				ENABLE_NS_ASSERTIONS = NO;
				ENABLE_STRICT_OBJC_MSGSEND = YES;
				GCC_C_LANGUAGE_STANDARD = gnu11;
				GCC_NO_COMMON_BLOCKS = YES;
				GCC_PREPROCESSOR_DEFINITIONS = "HAS_AWTK_CONFIG=1";
				GCC_WARN_64_TO_32_BIT_CONVERSION = YES;
				GCC_WARN_ABOUT_RETURN_TYPE = YES_ERROR;
				GCC_WARN_UNDECLARED_SELECTOR = YES;
				GCC_WARN_UNINITIALIZED_AUTOS = YES_AGGRESSIVE;
				GCC_WARN_UNUSED_FUNCTION = YES;
				GCC_WARN_UNUSED_VARIABLE = YES;
				HEADER_SEARCH_PATHS = (
					"../awtk_ios/**",
					"../../SDL2-2.0.10/include",
				);
				IPHONEOS_DEPLOYMENT_TARGET = 12.4;
				MTL_ENABLE_DEBUG_INFO = NO;
				MTL_FAST_MATH = YES;
				SDKROOT = iphoneos;
				VALIDATE_PRODUCT = YES;
			};
			name = Release;
		};
		384D63EE23D5348E00814D90 /* Debug */ = {
			isa = XCBuildConfiguration;
			buildSettings = {
				ASSETCATALOG_COMPILER_APPICON_NAME = AppIcon;
				CODE_SIGN_STYLE = Automatic;
				DEVELOPMENT_TEAM = SK6JVAY64Y;
				INFOPLIST_FILE = demoui/Info.plist;
				LD_RUNPATH_SEARCH_PATHS = (
					"$(inherited)",
					"@executable_path/Frameworks",
				);
				PRODUCT_BUNDLE_IDENTIFIER = zlg.demoui;
				PRODUCT_NAME = "$(TARGET_NAME)";
				TARGETED_DEVICE_FAMILY = "1,2";
			};
			name = Debug;
		};
		384D63EF23D5348E00814D90 /* Release */ = {
			isa = XCBuildConfiguration;
			buildSettings = {
				ASSETCATALOG_COMPILER_APPICON_NAME = AppIcon;
				CODE_SIGN_STYLE = Automatic;
				DEVELOPMENT_TEAM = SK6JVAY64Y;
				INFOPLIST_FILE = demoui/Info.plist;
				LD_RUNPATH_SEARCH_PATHS = (
					"$(inherited)",
					"@executable_path/Frameworks",
				);
				PRODUCT_BUNDLE_IDENTIFIER = zlg.demoui;
				PRODUCT_NAME = "$(TARGET_NAME)";
				TARGETED_DEVICE_FAMILY = "1,2";
			};
			name = Release;
		};
/* End XCBuildConfiguration section */

/* Begin XCConfigurationList section */
		384D63D223D5348C00814D90 /* Build configuration list for PBXProject "demoui" */ = {
			isa = XCConfigurationList;
			buildConfigurations = (
				384D63EB23D5348E00814D90 /* Debug */,
				384D63EC23D5348E00814D90 /* Release */,
			);
			defaultConfigurationIsVisible = 0;
			defaultConfigurationName = Release;
		};
		384D63ED23D5348E00814D90 /* Build configuration list for PBXNativeTarget "demoui" */ = {
			isa = XCConfigurationList;
			buildConfigurations = (
				384D63EE23D5348E00814D90 /* Debug */,
				384D63EF23D5348E00814D90 /* Release */,
			);
			defaultConfigurationIsVisible = 0;
			defaultConfigurationName = Release;
		};
/* End XCConfigurationList section */
	};
	rootObject = 384D63CF23D5348C00814D90 /* Project object */;
}
